
Microsoft Visual Studio Solution File, Format Version 12.00
# Visual Studio Version 17
VisualStudioVersion = 17.0.32112.339
MinimumVisualStudioVersion = 10.0.40219.1
Project("{FAE04EC0-301F-11D3-BF4B-00C04F79EFBC}") = "AnswersAPI_Mauricio", "AnswersAPI_Mauricio\AnswersAPI_Mauricio.csproj", "{092B329F-4979-422C-9F62-3885BC7AEA63}"
EndProject
Global
	GlobalSection(SolutionConfigurationPlatforms) = preSolution
		Debug|Any CPU = Debug|Any CPU
		Release|Any CPU = Release|Any CPU
	EndGlobalSection
	GlobalSection(ProjectConfigurationPlatforms) = postSolution
		{092B329F-4979-422C-9F62-3885BC7AEA63}.Debug|Any CPU.ActiveCfg = Debug|Any CPU
		{092B329F-4979-422C-9F62-3885BC7AEA63}.Debug|Any CPU.Build.0 = Debug|Any CPU
		{092B329F-4979-422C-9F62-3885BC7AEA63}.Release|Any CPU.ActiveCfg = Release|Any CPU
		{092B329F-4979-422C-9F62-3885BC7AEA63}.Release|Any CPU.Build.0 = Release|Any CPU
	EndGlobalSection
	GlobalSection(SolutionProperties) = preSolution
		HideSolutionNode = FALSE
	EndGlobalSection
	GlobalSection(ExtensibilityGlobals) = postSolution
		SolutionGuid = {1227EF3F-685F-4DE3-ADA7-F9DE22887DBA}
	EndGlobalSection
EndGlobal
